{
  "name": "l2",
  "version": "1.0.0",
  "lockfileVersion": 3,
  "requires": true,
  "packages": {
    "": {
      "name": "l2",
      "version": "1.0.0",
      "license": "ISC",
      "dependencies": {
        "@types/jasmine": "^4.3.6"
      }
    },
    "node_modules/@types/jasmine": {
      "version": "4.3.6",
      "resolved": "https://registry.npmjs.org/@types/jasmine/-/jasmine-4.3.6.tgz",
      "integrity": "sha512-3N0FpQTeiWjm+Oo1WUYWguUS7E6JLceiGTriFrG8k5PU7zRLJCzLcWURU3wjMbZGS//a2/LgjsnO3QxIlwxt9g=="
    }
  }
}
